// !$*UTF8*$!
{
	archiveVersion = 1;
	classes = {
	};
	objectVersion = 50;
	objects = {

/* Begin PBXBuildFile section */
		AC5374662542940F008CBD16 /* AppDelegate.swift in Sources */ = {isa = PBXBuildFile; fileRef = AC5374652542940F008CBD16 /* AppDelegate.swift */; };
		AC5374682542940F008CBD16 /* SceneDelegate.swift in Sources */ = {isa = PBXBuildFile; fileRef = AC5374672542940F008CBD16 /* SceneDelegate.swift */; };
		AC53746A2542940F008CBD16 /* ViewController.swift in Sources */ = {isa = PBXBuildFile; fileRef = AC5374692542940F008CBD16 /* ViewController.swift */; };
		AC53746D2542940F008CBD16 /* Main.storyboard in Resources */ = {isa = PBXBuildFile; fileRef = AC53746B2542940F008CBD16 /* Main.storyboard */; };
		AC53746F25429415008CBD16 /* Assets.xcassets in Resources */ = {isa = PBXBuildFile; fileRef = AC53746E25429415008CBD16 /* Assets.xcassets */; };
		AC53747225429415008CBD16 /* LaunchScreen.storyboard in Resources */ = {isa = PBXBuildFile; fileRef = AC53747025429415008CBD16 /* LaunchScreen.storyboard */; };
		AC53747D25429415008CBD16 /* ParstagramTests.swift in Sources */ = {isa = PBXBuildFile; fileRef = AC53747C25429415008CBD16 /* ParstagramTests.swift */; };
		AC53748825429416008CBD16 /* ParstagramUITests.swift in Sources */ = {isa = PBXBuildFile; fileRef = AC53748725429416008CBD16 /* ParstagramUITests.swift */; };
/* End PBXBuildFile section */

/* Begin PBXContainerItemProxy section */
		AC53747925429415008CBD16 /* PBXContainerItemProxy */ = {
			isa = PBXContainerItemProxy;
			containerPortal = AC53745A2542940F008CBD16 /* Project object */;
			proxyType = 1;
			remoteGlobalIDString = AC5374612542940F008CBD16;
			remoteInfo = Parstagram;
		};
		AC53748425429416008CBD16 /* PBXContainerItemProxy */ = {
			isa = PBXContainerItemProxy;
			containerPortal = AC53745A2542940F008CBD16 /* Project object */;
			proxyType = 1;
			remoteGlobalIDString = AC5374612542940F008CBD16;
			remoteInfo = Parstagram;
		};
/* End PBXContainerItemProxy section */

/* Begin PBXFileReference section */
		AC5374622542940F008CBD16 /* Parstagram.app */ = {isa = PBXFileReference; explicitFileType = wrapper.application; includeInIndex = 0; path = Parstagram.app; sourceTree = BUILT_PRODUCTS_DIR; };
		AC5374652542940F008CBD16 /* AppDelegate.swift */ = {isa = PBXFileReference; lastKnownFileType = sourcecode.swift; path = AppDelegate.swift; sourceTree = "<group>"; };
		AC5374672542940F008CBD16 /* SceneDelegate.swift */ = {isa = PBXFileReference; lastKnownFileType = sourcecode.swift; path = SceneDelegate.swift; sourceTree = "<group>"; };
		AC5374692542940F008CBD16 /* ViewController.swift */ = {isa = PBXFileReference; lastKnownFileType = sourcecode.swift; path = ViewController.swift; sourceTree = "<group>"; };
		AC53746C2542940F008CBD16 /* Base */ = {isa = PBXFileReference; lastKnownFileType = file.storyboard; name = Base; path = Base.lproj/Main.storyboard; sourceTree = "<group>"; };
		AC53746E25429415008CBD16 /* Assets.xcassets */ = {isa = PBXFileReference; lastKnownFileType = folder.assetcatalog; path = Assets.xcassets; sourceTree = "<group>"; };
		AC53747125429415008CBD16 /* Base */ = {isa = PBXFileReference; lastKnownFileType = file.storyboard; name = Base; path = Base.lproj/LaunchScreen.storyboard; sourceTree = "<group>"; };
		AC53747325429415008CBD16 /* Info.plist */ = {isa = PBXFileReference; lastKnownFileType = text.plist.xml; path = Info.plist; sourceTree = "<group>"; };
		AC53747825429415008CBD16 /* ParstagramTests.xctest */ = {isa = PBXFileReference; explicitFileType = wrapper.cfbundle; includeInIndex = 0; path = ParstagramTests.xctest; sourceTree = BUILT_PRODUCTS_DIR; };
		AC53747C25429415008CBD16 /* ParstagramTests.swift */ = {isa = PBXFileReference; lastKnownFileType = sourcecode.swift; path = ParstagramTests.swift; sourceTree = "<group>"; };
		AC53747E25429415008CBD16 /* Info.plist */ = {isa = PBXFileReference; lastKnownFileType = text.plist.xml; path = Info.plist; sourceTree = "<group>"; };
		AC53748325429416008CBD16 /* ParstagramUITests.xctest */ = {isa = PBXFileReference; explicitFileType = wrapper.cfbundle; includeInIndex = 0; path = ParstagramUITests.xctest; sourceTree = BUILT_PRODUCTS_DIR; };
		AC53748725429416008CBD16 /* ParstagramUITests.swift */ = {isa = PBXFileReference; lastKnownFileType = sourcecode.swift; path = ParstagramUITests.swift; sourceTree = "<group>"; };
		AC53748925429416008CBD16 /* Info.plist */ = {isa = PBXFileReference; lastKnownFileType = text.plist.xml; path = Info.plist; sourceTree = "<group>"; };
/* End PBXFileReference section */

/* Begin PBXFrameworksBuildPhase section */
		AC53745F2542940F008CBD16 /* Frameworks */ = {
			isa = PBXFrameworksBuildPhase;
			buildActionMask = 2147483647;
			files = (
			);
			runOnlyForDeploymentPostprocessing = 0;
		};
		AC53747525429415008CBD16 /* Frameworks */ = {
			isa = PBXFrameworksBuildPhase;
			buildActionMask = 2147483647;
			files = (
			);
			runOnlyForDeploymentPostprocessing = 0;
		};
		AC53748025429416008CBD16 /* Frameworks */ = {
			isa = PBXFrameworksBuildPhase;
			buildActionMask = 2147483647;
			files = (
			);
			runOnlyForDeploymentPostprocessing = 0;
		};
/* End PBXFrameworksBuildPhase section */

/* Begin PBXGroup section */
		AC5374592542940F008CBD16 = {
			isa = PBXGroup;
			children = (
				AC5374642542940F008CBD16 /* Parstagram */,
				AC53747B25429415008CBD16 /* ParstagramTests */,
				AC53748625429416008CBD16 /* ParstagramUITests */,
				AC5374632542940F008CBD16 /* Products */,
			);
			sourceTree = "<group>";
		};
		AC5374632542940F008CBD16 /* Products */ = {
			isa = PBXGroup;
			children = (
				AC5374622542940F008CBD16 /* Parstagram.app */,
				AC53747825429415008CBD16 /* ParstagramTests.xctest */,
				AC53748325429416008CBD16 /* ParstagramUITests.xctest */,
			);
			name = Products;
			sourceTree = "<group>";
		};
		AC5374642542940F008CBD16 /* Parstagram */ = {
			isa = PBXGroup;
			children = (
				AC5374652542940F008CBD16 /* AppDelegate.swift */,
				AC5374672542940F008CBD16 /* SceneDelegate.swift */,
				AC5374692542940F008CBD16 /* ViewController.swift */,
				AC53746B2542940F008CBD16 /* Main.storyboard */,
				AC53746E25429415008CBD16 /* Assets.xcassets */,
				AC53747025429415008CBD16 /* LaunchScreen.storyboard */,
				AC53747325429415008CBD16 /* Info.plist */,
			);
			path = Parstagram;
			sourceTree = "<group>";
		};
		AC53747B25429415008CBD16 /* ParstagramTests */ = {
			isa = PBXGroup;
			children = (
				AC53747C25429415008CBD16 /* ParstagramTests.swift */,
				AC53747E25429415008CBD16 /* Info.plist */,
			);
			path = ParstagramTests;
			sourceTree = "<group>";
		};
		AC53748625429416008CBD16 /* ParstagramUITests */ = {
			isa = PBXGroup;
			children = (
				AC53748725429416008CBD16 /* ParstagramUITests.swift */,
				AC53748925429416008CBD16 /* Info.plist */,
			);
			path = ParstagramUITests;
			sourceTree = "<group>";
		};
/* End PBXGroup section */

/* Begin PBXNativeTarget section */
		AC5374612542940F008CBD16 /* Parstagram */ = {
			isa = PBXNativeTarget;
			buildConfigurationList = AC53748C25429416008CBD16 /* Build configuration list for PBXNativeTarget "Parstagram" */;
			buildPhases = (
				AC53745E2542940F008CBD16 /* Sources */,
				AC53745F2542940F008CBD16 /* Frameworks */,
				AC5374602542940F008CBD16 /* Resources */,
			);
			buildRules = (
			);
			dependencies = (
			);
			name = Parstagram;
			productName = Parstagram;
			productReference = AC5374622542940F008CBD16 /* Parstagram.app */;
			productType = "com.apple.product-type.application";
		};
		AC53747725429415008CBD16 /* ParstagramTests */ = {
			isa = PBXNativeTarget;
			buildConfigurationList = AC53748F25429416008CBD16 /* Build configuration list for PBXNativeTarget "ParstagramTests" */;
			buildPhases = (
				AC53747425429415008CBD16 /* Sources */,
				AC53747525429415008CBD16 /* Frameworks */,
				AC53747625429415008CBD16 /* Resources */,
			);
			buildRules = (
			);
			dependencies = (
				AC53747A25429415008CBD16 /* PBXTargetDependency */,
			);
			name = ParstagramTests;
			productName = ParstagramTests;
			productReference = AC53747825429415008CBD16 /* ParstagramTests.xctest */;
			productType = "com.apple.product-type.bundle.unit-test";
		};
		AC53748225429416008CBD16 /* ParstagramUITests */ = {
			isa = PBXNativeTarget;
			buildConfigurationList = AC53749225429416008CBD16 /* Build configuration list for PBXNativeTarget "ParstagramUITests" */;
			buildPhases = (
				AC53747F25429416008CBD16 /* Sources */,
				AC53748025429416008CBD16 /* Frameworks */,
				AC53748125429416008CBD16 /* Resources */,
			);
			buildRules = (
			);
			dependencies = (
				AC53748525429416008CBD16 /* PBXTargetDependency */,
			);
			name = ParstagramUITests;
			productName = ParstagramUITests;
			productReference = AC53748325429416008CBD16 /* ParstagramUITests.xctest */;
			productType = "com.apple.product-type.bundle.ui-testing";
		};
/* End PBXNativeTarget section */

/* Begin PBXProject section */
		AC53745A2542940F008CBD16 /* Project object */ = {
			isa = PBXProject;
			attributes = {
				LastSwiftUpdateCheck = 1200;
				LastUpgradeCheck = 1200;
				TargetAttributes = {
					AC5374612542940F008CBD16 = {
						CreatedOnToolsVersion = 12.0.1;
					};
					AC53747725429415008CBD16 = {
						CreatedOnToolsVersion = 12.0.1;
						TestTargetID = AC5374612542940F008CBD16;
					};
					AC53748225429416008CBD16 = {
						CreatedOnToolsVersion = 12.0.1;
						TestTargetID = AC5374612542940F008CBD16;
					};
				};
			};
			buildConfigurationList = AC53745D2542940F008CBD16 /* Build configuration list for PBXProject "Parstagram" */;
			compatibilityVersion = "Xcode 9.3";
			developmentRegion = en;
			hasScannedForEncodings = 0;
			knownRegions = (
				en,
				Base,
			);
			mainGroup = AC5374592542940F008CBD16;
			productRefGroup = AC5374632542940F008CBD16 /* Products */;
			projectDirPath = "";
			projectRoot = "";
			targets = (
				AC5374612542940F008CBD16 /* Parstagram */,
				AC53747725429415008CBD16 /* ParstagramTests */,
				AC53748225429416008CBD16 /* ParstagramUITests */,
			);
		};
/* End PBXProject section */

/* Begin PBXResourcesBuildPhase section */
		AC5374602542940F008CBD16 /* Resources */ = {
			isa = PBXResourcesBuildPhase;
			buildActionMask = 2147483647;
			files = (
				AC53747225429415008CBD16 /* LaunchScreen.storyboard in Resources */,
				AC53746F25429415008CBD16 /* Assets.xcassets in Resources */,
				AC53746D2542940F008CBD16 /* Main.storyboard in Resources */,
			);
			runOnlyForDeploymentPostprocessing = 0;
		};
		AC53747625429415008CBD16 /* Resources */ = {
			isa = PBXResourcesBuildPhase;
			buildActionMask = 2147483647;
			files = (
			);
			runOnlyForDeploymentPostprocessing = 0;
		};
		AC53748125429416008CBD16 /* Resources */ = {
			isa = PBXResourcesBuildPhase;
			buildActionMask = 2147483647;
			files = (
			);
			runOnlyForDeploymentPostprocessing = 0;
		};
/* End PBXResourcesBuildPhase section */

/* Begin PBXSourcesBuildPhase section */
		AC53745E2542940F008CBD16 /* Sources */ = {
			isa = PBXSourcesBuildPhase;
			buildActionMask = 2147483647;
			files = (
				AC53746A2542940F008CBD16 /* ViewController.swift in Sources */,
				AC5374662542940F008CBD16 /* AppDelegate.swift in Sources */,
				AC5374682542940F008CBD16 /* SceneDelegate.swift in Sources */,
			);
			runOnlyForDeploymentPostprocessing = 0;
		};
		AC53747425429415008CBD16 /* Sources */ = {
			isa = PBXSourcesBuildPhase;
			buildActionMask = 2147483647;
			files = (
				AC53747D25429415008CBD16 /* ParstagramTests.swift in Sources */,
			);
			runOnlyForDeploymentPostprocessing = 0;
		};
		AC53747F25429416008CBD16 /* Sources */ = {
			isa = PBXSourcesBuildPhase;
			buildActionMask = 2147483647;
			files = (
				AC53748825429416008CBD16 /* ParstagramUITests.swift in Sources */,
			);
			runOnlyForDeploymentPostprocessing = 0;
		};
/* End PBXSourcesBuildPhase section */

/* Begin PBXTargetDependency section */
		AC53747A25429415008CBD16 /* PBXTargetDependency */ = {
			isa = PBXTargetDependency;
			target = AC5374612542940F008CBD16 /* Parstagram */;
			targetProxy = AC53747925429415008CBD16 /* PBXContainerItemProxy */;
		};
		AC53748525429416008CBD16 /* PBXTargetDependency */ = {
			isa = PBXTargetDependency;
			target = AC5374612542940F008CBD16 /* Parstagram */;
			targetProxy = AC53748425429416008CBD16 /* PBXContainerItemProxy */;
		};
/* End PBXTargetDependency section */

/* Begin PBXVariantGroup section */
		AC53746B2542940F008CBD16 /* Main.storyboard */ = {
			isa = PBXVariantGroup;
			children = (
				AC53746C2542940F008CBD16 /* Base */,
			);
			name = Main.storyboard;
			sourceTree = "<group>";
		};
		AC53747025429415008CBD16 /* LaunchScreen.storyboard */ = {
			isa = PBXVariantGroup;
			children = (
				AC53747125429415008CBD16 /* Base */,
			);
			name = LaunchScreen.storyboard;
			sourceTree = "<group>";
		};
/* End PBXVariantGroup section */

/* Begin XCBuildConfiguration section */
		AC53748A25429416008CBD16 /* Debug */ = {
			isa = XCBuildConfiguration;
			buildSettings = {
				ALWAYS_SEARCH_USER_PATHS = NO;
				CLANG_ANALYZER_NONNULL = YES;
				CLANG_ANALYZER_NUMBER_OBJECT_CONVERSION = YES_AGGRESSIVE;
				CLANG_CXX_LANGUAGE_STANDARD = "gnu++14";
				CLANG_CXX_LIBRARY = "libc++";
				CLANG_ENABLE_MODULES = YES;
				CLANG_ENABLE_OBJC_ARC = YES;
				CLANG_ENABLE_OBJC_WEAK = YES;
				CLANG_WARN_BLOCK_CAPTURE_AUTORELEASING = YES;
				CLANG_WARN_BOOL_CONVERSION = YES;
				CLANG_WARN_COMMA = YES;
				CLANG_WARN_CONSTANT_CONVERSION = YES;
				CLANG_WARN_DEPRECATED_OBJC_IMPLEMENTATIONS = YES;
				CLANG_WARN_DIRECT_OBJC_ISA_USAGE = YES_ERROR;
				CLANG_WARN_DOCUMENTATION_COMMENTS = YES;
				CLANG_WARN_EMPTY_BODY = YES;
				CLANG_WARN_ENUM_CONVERSION = YES;
				CLANG_WARN_INFINITE_RECURSION = YES;
				CLANG_WARN_INT_CONVERSION = YES;
				CLANG_WARN_NON_LITERAL_NULL_CONVERSION = YES;
				CLANG_WARN_OBJC_IMPLICIT_RETAIN_SELF = YES;
				CLANG_WARN_OBJC_LITERAL_CONVERSION = YES;
				CLANG_WARN_OBJC_ROOT_CLASS = YES_ERROR;
				CLANG_WARN_QUOTED_INCLUDE_IN_FRAMEWORK_HEADER = YES;
				CLANG_WARN_RANGE_LOOP_ANALYSIS = YES;
				CLANG_WARN_STRICT_PROTOTYPES = YES;
				CLANG_WARN_SUSPICIOUS_MOVE = YES;
				CLANG_WARN_UNGUARDED_AVAILABILITY = YES_AGGRESSIVE;
				CLANG_WARN_UNREACHABLE_CODE = YES;
				CLANG_WARN__DUPLICATE_METHOD_MATCH = YES;
				COPY_PHASE_STRIP = NO;
				DEBUG_INFORMATION_FORMAT = dwarf;
				ENABLE_STRICT_OBJC_MSGSEND = YES;
				ENABLE_TESTABILITY = YES;
				GCC_C_LANGUAGE_STANDARD = gnu11;
				GCC_DYNAMIC_NO_PIC = NO;
				GCC_NO_COMMON_BLOCKS = YES;
				GCC_OPTIMIZATION_LEVEL = 0;
				GCC_PREPROCESSOR_DEFINITIONS = (
					"DEBUG=1",
					"$(inherited)",
				);
				GCC_WARN_64_TO_32_BIT_CONVERSION = YES;
				GCC_WARN_ABOUT_RETURN_TYPE = YES_ERROR;
				GCC_WARN_UNDECLARED_SELECTOR = YES;
				GCC_WARN_UNINITIALIZED_AUTOS = YES_AGGRESSIVE;
				GCC_WARN_UNUSED_FUNCTION = YES;
				GCC_WARN_UNUSED_VARIABLE = YES;
				IPHONEOS_DEPLOYMENT_TARGET = 14.0;
				MTL_ENABLE_DEBUG_INFO = INCLUDE_SOURCE;
				MTL_FAST_MATH = YES;
				ONLY_ACTIVE_ARCH = YES;
				SDKROOT = iphoneos;
				SWIFT_ACTIVE_COMPILATION_CONDITIONS = DEBUG;
				SWIFT_OPTIMIZATION_LEVEL = "-Onone";
			};
			name = Debug;
		};
		AC53748B25429416008CBD16 /* Release */ = {
			isa = XCBuildConfiguration;
			buildSettings = {
				ALWAYS_SEARCH_USER_PATHS = NO;
				CLANG_ANALYZER_NONNULL = YES;
				CLANG_ANALYZER_NUMBER_OBJECT_CONVERSION = YES_AGGRESSIVE;
				CLANG_CXX_LANGUAGE_STANDARD = "gnu++14";
				CLANG_CXX_LIBRARY = "libc++";
				CLANG_ENABLE_MODULES = YES;
				CLANG_ENABLE_OBJC_ARC = YES;
				CLANG_ENABLE_OBJC_WEAK = YES;
				CLANG_WARN_BLOCK_CAPTURE_AUTORELEASING = YES;
				CLANG_WARN_BOOL_CONVERSION = YES;
				CLANG_WARN_COMMA = YES;
				CLANG_WARN_CONSTANT_CONVERSION = YES;
				CLANG_WARN_DEPRECATED_OBJC_IMPLEMENTATIONS = YES;
				CLANG_WARN_DIRECT_OBJC_ISA_USAGE = YES_ERROR;
				CLANG_WARN_DOCUMENTATION_COMMENTS = YES;
				CLANG_WARN_EMPTY_BODY = YES;
				CLANG_WARN_ENUM_CONVERSION = YES;
				CLANG_WARN_INFINITE_RECURSION = YES;
				CLANG_WARN_INT_CONVERSION = YES;
				CLANG_WARN_NON_LITERAL_NULL_CONVERSION = YES;
				CLANG_WARN_OBJC_IMPLICIT_RETAIN_SELF = YES;
				CLANG_WARN_OBJC_LITERAL_CONVERSION = YES;
				CLANG_WARN_OBJC_ROOT_CLASS = YES_ERROR;
				CLANG_WARN_QUOTED_INCLUDE_IN_FRAMEWORK_HEADER = YES;
				CLANG_WARN_RANGE_LOOP_ANALYSIS = YES;
				CLANG_WARN_STRICT_PROTOTYPES = YES;
				CLANG_WARN_SUSPICIOUS_MOVE = YES;
				CLANG_WARN_UNGUARDED_AVAILABILITY = YES_AGGRESSIVE;
				CLANG_WARN_UNREACHABLE_CODE = YES;
				CLANG_WARN__DUPLICATE_METHOD_MATCH = YES;
				COPY_PHASE_STRIP = NO;
				DEBUG_INFORMATION_FORMAT = "dwarf-with-dsym";
				ENABLE_NS_ASSERTIONS = NO;
				ENABLE_STRICT_OBJC_MSGSEND = YES;
				GCC_C_LANGUAGE_STANDARD = gnu11;
				GCC_NO_COMMON_BLOCKS = YES;
				GCC_WARN_64_TO_32_BIT_CONVERSION = YES;
				GCC_WARN_ABOUT_RETURN_TYPE = YES_ERROR;
				GCC_WARN_UNDECLARED_SELECTOR = YES;
				GCC_WARN_UNINITIALIZED_AUTOS = YES_AGGRESSIVE;
				GCC_WARN_UNUSED_FUNCTION = YES;
				GCC_WARN_UNUSED_VARIABLE = YES;
				IPHONEOS_DEPLOYMENT_TARGET = 14.0;
				MTL_ENABLE_DEBUG_INFO = NO;
				MTL_FAST_MATH = YES;
				SDKROOT = iphoneos;
				SWIFT_COMPILATION_MODE = wholemodule;
				SWIFT_OPTIMIZATION_LEVEL = "-O";
				VALIDATE_PRODUCT = YES;
			};
			name = Release;
		};
		AC53748D25429416008CBD16 /* Debug */ = {
			isa = XCBuildConfiguration;
			buildSettings = {
				ASSETCATALOG_COMPILER_APPICON_NAME = AppIcon;
				ASSETCATALOG_COMPILER_GLOBAL_ACCENT_COLOR_NAME = AccentColor;
				CODE_SIGN_STYLE = Automatic;
				INFOPLIST_FILE = Parstagram/Info.plist;
				LD_RUNPATH_SEARCH_PATHS = (
					"$(inherited)",
					"@executable_path/Frameworks",
				);
				PRODUCT_BUNDLE_IDENTIFIER = rshapi.Parstagram;
				PRODUCT_NAME = "$(TARGET_NAME)";
				SWIFT_VERSION = 5.0;
				TARGETED_DEVICE_FAMILY = "1,2";
			};
			name = Debug;
		};
		AC53748E25429416008CBD16 /* Release */ = {
			isa = XCBuildConfiguration;
			buildSettings = {
				ASSETCATALOG_COMPILER_APPICON_NAME = AppIcon;
				ASSETCATALOG_COMPILER_GLOBAL_ACCENT_COLOR_NAME = AccentColor;
				CODE_SIGN_STYLE = Automatic;
				INFOPLIST_FILE = Parstagram/Info.plist;
				LD_RUNPATH_SEARCH_PATHS = (
					"$(inherited)",
					"@executable_path/Frameworks",
				);
				PRODUCT_BUNDLE_IDENTIFIER = rshapi.Parstagram;
				PRODUCT_NAME = "$(TARGET_NAME)";
				SWIFT_VERSION = 5.0;
				TARGETED_DEVICE_FAMILY = "1,2";
			};
			name = Release;
		};
		AC53749025429416008CBD16 /* Debug */ = {
			isa = XCBuildConfiguration;
			buildSettings = {
				ALWAYS_EMBED_SWIFT_STANDARD_LIBRARIES = YES;
				BUNDLE_LOADER = "$(TEST_HOST)";
				CODE_SIGN_STYLE = Automatic;
				INFOPLIST_FILE = ParstagramTests/Info.plist;
				IPHONEOS_DEPLOYMENT_TARGET = 14.0;
				LD_RUNPATH_SEARCH_PATHS = (
					"$(inherited)",
					"@executable_path/Frameworks",
					"@loader_path/Frameworks",
				);
				PRODUCT_BUNDLE_IDENTIFIER = rshapi.ParstagramTests;
				PRODUCT_NAME = "$(TARGET_NAME)";
				SWIFT_VERSION = 5.0;
				TARGETED_DEVICE_FAMILY = "1,2";
				TEST_HOST = "$(BUILT_PRODUCTS_DIR)/Parstagram.app/Parstagram";
			};
			name = Debug;
		};
		AC53749125429416008CBD16 /* Release */ = {
			isa = XCBuildConfiguration;
			buildSettings = {
				ALWAYS_EMBED_SWIFT_STANDARD_LIBRARIES = YES;
				BUNDLE_LOADER = "$(TEST_HOST)";
				CODE_SIGN_STYLE = Automatic;
				INFOPLIST_FILE = ParstagramTests/Info.plist;
				IPHONEOS_DEPLOYMENT_TARGET = 14.0;
				LD_RUNPATH_SEARCH_PATHS = (
					"$(inherited)",
					"@executable_path/Frameworks",
					"@loader_path/Frameworks",
				);
				PRODUCT_BUNDLE_IDENTIFIER = rshapi.ParstagramTests;
				PRODUCT_NAME = "$(TARGET_NAME)";
				SWIFT_VERSION = 5.0;
				TARGETED_DEVICE_FAMILY = "1,2";
				TEST_HOST = "$(BUILT_PRODUCTS_DIR)/Parstagram.app/Parstagram";
			};
			name = Release;
		};
		AC53749325429416008CBD16 /* Debug */ = {
			isa = XCBuildConfiguration;
			buildSettings = {
				ALWAYS_EMBED_SWIFT_STANDARD_LIBRARIES = YES;
				CODE_SIGN_STYLE = Automatic;
				INFOPLIST_FILE = ParstagramUITests/Info.plist;
				LD_RUNPATH_SEARCH_PATHS = (
					"$(inherited)",
					"@executable_path/Frameworks",
					"@loader_path/Frameworks",
				);
				PRODUCT_BUNDLE_IDENTIFIER = rshapi.ParstagramUITests;
				PRODUCT_NAME = "$(TARGET_NAME)";
				SWIFT_VERSION = 5.0;
				TARGETED_DEVICE_FAMILY = "1,2";
				TEST_TARGET_NAME = Parstagram;
			};
			name = Debug;
		};
		AC53749425429416008CBD16 /* Release */ = {
			isa = XCBuildConfiguration;
			buildSettings = {
				ALWAYS_EMBED_SWIFT_STANDARD_LIBRARIES = YES;
				CODE_SIGN_STYLE = Automatic;
				INFOPLIST_FILE = ParstagramUITests/Info.plist;
				LD_RUNPATH_SEARCH_PATHS = (
					"$(inherited)",
					"@executable_path/Frameworks",
					"@loader_path/Frameworks",
				);
				PRODUCT_BUNDLE_IDENTIFIER = rshapi.ParstagramUITests;
				PRODUCT_NAME = "$(TARGET_NAME)";
				SWIFT_VERSION = 5.0;
				TARGETED_DEVICE_FAMILY = "1,2";
				TEST_TARGET_NAME = Parstagram;
			};
			name = Release;
		};
/* End XCBuildConfiguration section */

/* Begin XCConfigurationList section */
		AC53745D2542940F008CBD16 /* Build configuration list for PBXProject "Parstagram" */ = {
			isa = XCConfigurationList;
			buildConfigurations = (
				AC53748A25429416008CBD16 /* Debug */,
				AC53748B25429416008CBD16 /* Release */,
			);
			defaultConfigurationIsVisible = 0;
			defaultConfigurationName = Release;
		};
		AC53748C25429416008CBD16 /* Build configuration list for PBXNativeTarget "Parstagram" */ = {
			isa = XCConfigurationList;
			buildConfigurations = (
				AC53748D25429416008CBD16 /* Debug */,
				AC53748E25429416008CBD16 /* Release */,
			);
			defaultConfigurationIsVisible = 0;
			defaultConfigurationName = Release;
		};
		AC53748F25429416008CBD16 /* Build configuration list for PBXNativeTarget "ParstagramTests" */ = {
			isa = XCConfigurationList;
			buildConfigurations = (
				AC53749025429416008CBD16 /* Debug */,
				AC53749125429416008CBD16 /* Release */,
			);
			defaultConfigurationIsVisible = 0;
			defaultConfigurationName = Release;
		};
		AC53749225429416008CBD16 /* Build configuration list for PBXNativeTarget "ParstagramUITests" */ = {
			isa = XCConfigurationList;
			buildConfigurations = (
				AC53749325429416008CBD16 /* Debug */,
				AC53749425429416008CBD16 /* Release */,
			);
			defaultConfigurationIsVisible = 0;
			defaultConfigurationName = Release;
		};
/* End XCConfigurationList section */
	};
	rootObject = AC53745A2542940F008CBD16 /* Project object */;
}
